
Microsoft Visual Studio Solution File, Format Version 12.00
# Visual Studio 15
VisualStudioVersion = 15.0.28307.421
MinimumVisualStudioVersion = 10.0.40219.1
Project("{FAE04EC0-301F-11D3-BF4B-00C04F79EFBC}") = "TipoCalculadora", "TipoCalculadora\TipoCalculadora.csproj", "{5148C143-2FE1-4AFD-B921-70FC1796D443}"
EndProject
Global
	GlobalSection(SolutionConfigurationPlatforms) = preSolution
		Debug|Any CPU = Debug|Any CPU
		Release|Any CPU = Release|Any CPU
	EndGlobalSection
	GlobalSection(ProjectConfigurationPlatforms) = postSolution
		{5148C143-2FE1-4AFD-B921-70FC1796D443}.Debug|Any CPU.ActiveCfg = Debug|Any CPU
		{5148C143-2FE1-4AFD-B921-70FC1796D443}.Debug|Any CPU.Build.0 = Debug|Any CPU
		{5148C143-2FE1-4AFD-B921-70FC1796D443}.Release|Any CPU.ActiveCfg = Release|Any CPU
		{5148C143-2FE1-4AFD-B921-70FC1796D443}.Release|Any CPU.Build.0 = Release|Any CPU
	EndGlobalSection
	GlobalSection(SolutionProperties) = preSolution
		HideSolutionNode = FALSE
	EndGlobalSection
	GlobalSection(ExtensibilityGlobals) = postSolution
		SolutionGuid = {60985613-91DA-4E6A-A9EB-8618F3B6D9E1}
	EndGlobalSection
EndGlobal
